#MicroXplorer Configuration settings - do not modify
FREERTOS.IPParameters=Tasks01
FREERTOS.Tasks01=defaultTask,0,128,StartDefaultTask,Default,NULL,Dynamic,NULL,NULL
File.Version=6
GPIO.groupedBy=Group By Peripherals
KeepUserPlacement=false
Mcu.Family=STM32L4
Mcu.IP0=FREERTOS
Mcu.IP1=NVIC
Mcu.IP2=RCC
Mcu.IP3=SPI1
Mcu.IP4=SYS
Mcu.IP5=TIM7
Mcu.IP6=USART2
Mcu.IP7=USART3
Mcu.IPNb=8
Mcu.Name=STM32L476R(C-E-G)Tx
Mcu.Package=LQFP64
Mcu.Pin0=PC13
Mcu.Pin1=PC14-OSC32_IN (PC14)
Mcu.Pin10=PA6
Mcu.Pin11=PA7
Mcu.Pin12=PC4
Mcu.Pin13=PC5
Mcu.Pin14=PA8
Mcu.Pin15=PA13 (JTMS-SWDIO)
Mcu.Pin16=PA14 (JTCK-SWCLK)
Mcu.Pin17=PB3 (JTDO-TRACESWO)
Mcu.Pin18=VP_FREERTOS_VS_CMSIS_V1
Mcu.Pin19=VP_SYS_VS_tim3
Mcu.Pin2=PC15-OSC32_OUT (PC15)
Mcu.Pin20=VP_TIM7_VS_ClockSourceINT
Mcu.Pin21=VP_STMicroelectronics.X-CUBE-BLE1_VS_WirelessJjBlueNRGAaMS_4.4.0
Mcu.Pin22=VP_STMicroelectronics.X-CUBE-BLE1_VS_WirelessJjApplication_4.4.0
Mcu.Pin3=PH0-OSC_IN (PH0)
Mcu.Pin4=PH1-OSC_OUT (PH1)
Mcu.Pin5=PA0
Mcu.Pin6=PA1
Mcu.Pin7=PA2
Mcu.Pin8=PA3
Mcu.Pin9=PA5
Mcu.PinsNb=23
Mcu.ThirdParty0=STMicroelectronics.X-CUBE-BLE1.4.4.0
Mcu.ThirdPartyNb=1
Mcu.UserConstants=
Mcu.UserName=STM32L476RGTx
MxCube.Version=5.5.0
MxDb.Version=DB.5.0.50
NVIC.BusFault_IRQn=true\:0\:0\:false\:false\:true\:false\:false\:false
NVIC.DebugMonitor_IRQn=true\:0\:0\:false\:false\:true\:false\:false\:false
NVIC.EXTI0_IRQn=true\:5\:0\:false\:false\:true\:true\:true\:true
NVIC.EXTI15_10_IRQn=true\:5\:0\:false\:false\:true\:true\:true\:true
NVIC.ForceEnableDMAVector=true
NVIC.HardFault_IRQn=true\:0\:0\:false\:false\:true\:false\:false\:false
NVIC.MemoryManagement_IRQn=true\:0\:0\:false\:false\:true\:false\:false\:false
NVIC.NonMaskableInt_IRQn=true\:0\:0\:false\:false\:true\:false\:false\:true
NVIC.PendSV_IRQn=true\:15\:0\:false\:false\:false\:true\:false\:false
NVIC.PriorityGroup=NVIC_PRIORITYGROUP_4
NVIC.SVCall_IRQn=true\:0\:0\:false\:false\:false\:false\:false\:false
NVIC.SysTick_IRQn=true\:15\:0\:false\:false\:false\:true\:true\:false
NVIC.TIM3_IRQn=true\:0\:0\:false\:false\:true\:false\:false\:true
NVIC.TIM7_IRQn=true\:5\:0\:false\:false\:true\:true\:true\:true
NVIC.TimeBase=TIM3_IRQn
NVIC.TimeBaseIP=TIM3
NVIC.UsageFault_IRQn=true\:0\:0\:false\:false\:true\:false\:false\:false
PA0.Locked=true
PA0.Signal=GPXTI0
PA1.Locked=true
PA1.Signal=GPIO_Output
PA13\ (JTMS-SWDIO).GPIOParameters=GPIO_Label
PA13\ (JTMS-SWDIO).GPIO_Label=TMS
PA13\ (JTMS-SWDIO).Locked=true
PA13\ (JTMS-SWDIO).Signal=SYS_JTMS-SWDIO
PA14\ (JTCK-SWCLK).GPIOParameters=GPIO_Label
PA14\ (JTCK-SWCLK).GPIO_Label=TCK
PA14\ (JTCK-SWCLK).Locked=true
PA14\ (JTCK-SWCLK).Signal=SYS_JTCK-SWCLK
PA2.GPIOParameters=GPIO_Speed,GPIO_PuPd,GPIO_Label,GPIO_Mode
PA2.GPIO_Label=USART_TX
PA2.GPIO_Mode=GPIO_MODE_AF_PP
PA2.GPIO_PuPd=GPIO_NOPULL
PA2.GPIO_Speed=GPIO_SPEED_FREQ_VERY_HIGH
PA2.Locked=true
PA2.Mode=Asynchronous
PA2.Signal=USART2_TX
PA3.GPIOParameters=GPIO_Speed,GPIO_PuPd,GPIO_Label,GPIO_Mode
PA3.GPIO_Label=USART_RX
PA3.GPIO_Mode=GPIO_MODE_AF_PP
PA3.GPIO_PuPd=GPIO_NOPULL
PA3.GPIO_Speed=GPIO_SPEED_FREQ_VERY_HIGH
PA3.Locked=true
PA3.Mode=Asynchronous
PA3.Signal=USART2_RX
PA5.GPIOParameters=GPIO_Speed,GPIO_PuPd,GPIO_Label,GPIO_ModeDefaultOutputPP
PA5.GPIO_Label=LD2 [green Led]
PA5.GPIO_ModeDefaultOutputPP=GPIO_MODE_OUTPUT_PP
PA5.GPIO_PuPd=GPIO_NOPULL
PA5.GPIO_Speed=GPIO_SPEED_FREQ_LOW
PA5.Locked=true
PA5.Signal=GPIO_Output
PA6.Mode=Full_Duplex_Master
PA6.Signal=SPI1_MISO
PA7.Mode=Full_Duplex_Master
PA7.Signal=SPI1_MOSI
PA8.Locked=true
PA8.Signal=GPIO_Output
PB3\ (JTDO-TRACESWO).Mode=Full_Duplex_Master
PB3\ (JTDO-TRACESWO).Signal=SPI1_SCK
PC13.GPIOParameters=GPIO_PuPd,GPIO_Label,GPIO_ModeDefaultEXTI
PC13.GPIO_Label=B1 [Blue PushButton]
PC13.GPIO_ModeDefaultEXTI=GPIO_MODE_IT_FALLING
PC13.GPIO_PuPd=GPIO_NOPULL
PC13.Locked=true
PC13.Signal=GPXTI13
PC14-OSC32_IN\ (PC14).Locked=true
PC14-OSC32_IN\ (PC14).Signal=RCC_OSC32_IN
PC15-OSC32_OUT\ (PC15).Locked=true
PC15-OSC32_OUT\ (PC15).Signal=RCC_OSC32_OUT
PC4.Mode=Asynchronous
PC4.Signal=USART3_TX
PC5.Mode=Asynchronous
PC5.Signal=USART3_RX
PCC.Checker=true
PCC.Line=STM32L4x6
PCC.MCU=STM32L476R(C-E-G)Tx
PCC.PartNumber=STM32L476RGTx
PCC.Seq0=0
PCC.Series=STM32L4
PCC.Temperature=25
PCC.Vdd=3.0
PH0-OSC_IN\ (PH0).Locked=true
PH0-OSC_IN\ (PH0).Mode=HSE-External-Oscillator
PH0-OSC_IN\ (PH0).Signal=RCC_OSC_IN
PH1-OSC_OUT\ (PH1).Locked=true
PH1-OSC_OUT\ (PH1).Mode=HSE-External-Oscillator
PH1-OSC_OUT\ (PH1).Signal=RCC_OSC_OUT
PinOutPanel.RotationAngle=0
ProjectManager.AskForMigrate=true
ProjectManager.BackupPrevious=false
ProjectManager.CompilerOptimize=6
ProjectManager.ComputerToolchain=false
ProjectManager.CoupleFile=false
ProjectManager.CustomerFirmwarePackage=
ProjectManager.DefaultFWLocation=true
ProjectManager.DeletePrevious=true
ProjectManager.DeviceId=STM32L476RGTx
ProjectManager.FirmwarePackage=STM32Cube FW_L4 V1.15.0
ProjectManager.FreePins=false
ProjectManager.HalAssertFull=false
ProjectManager.HeapSize=0x200
ProjectManager.KeepUserCode=true
ProjectManager.LastFirmware=false
ProjectManager.LibraryCopy=2
ProjectManager.MainLocation=Src
ProjectManager.NoMain=false
ProjectManager.PreviousToolchain=TrueSTUDIO
ProjectManager.ProjectBuild=false
ProjectManager.ProjectFileName=BLE_Client_dev.ioc
ProjectManager.ProjectName=BLE_Client_dev
ProjectManager.StackSize=0x400
ProjectManager.TargetToolchain=TrueSTUDIO
ProjectManager.ToolChainLocation=
ProjectManager.UnderRoot=true
ProjectManager.functionlistsort=1-MX_GPIO_Init-GPIO-false-HAL-true,2-SystemClock_Config-RCC-false-HAL-false,3-MX_USART3_UART_Init-USART3-false-HAL-false,4-MX_BlueNRG_MS_Init-STMicroelectronics.X-CUBE-BLE1.4.4.0-false-HAL-false,5-MX_BlueNRG_MS_Process-STMicroelectronics.X-CUBE-BLE1.4.4.0-false-HAL-false
RCC.ADCFreq_Value=32000000
RCC.AHBFreq_Value=80000000
RCC.APB1Freq_Value=80000000
RCC.APB1TimFreq_Value=80000000
RCC.APB2Freq_Value=80000000
RCC.APB2TimFreq_Value=80000000
RCC.CortexFreq_Value=80000000
RCC.DFSDMFreq_Value=80000000
RCC.EnbaleCSS=true
RCC.FCLKCortexFreq_Value=80000000
RCC.FamilyName=M
RCC.HCLKFreq_Value=80000000
RCC.HSE_VALUE=8000000
RCC.HSI_VALUE=16000000
RCC.I2C1Freq_Value=80000000
RCC.I2C2Freq_Value=80000000
RCC.I2C3Freq_Value=80000000
RCC.IPParameters=ADCFreq_Value,AHBFreq_Value,APB1Freq_Value,APB1TimFreq_Value,APB2Freq_Value,APB2TimFreq_Value,CortexFreq_Value,DFSDMFreq_Value,EnbaleCSS,FCLKCortexFreq_Value,FamilyName,HCLKFreq_Value,HSE_VALUE,HSI_VALUE,I2C1Freq_Value,I2C2Freq_Value,I2C3Freq_Value,LPTIM1Freq_Value,LPTIM2Freq_Value,LPUART1Freq_Value,LSCOPinFreq_Value,LSE_VALUE,LSI_VALUE,MCO1PinFreq_Value,MSI_VALUE,PLLN,PLLPoutputFreq_Value,PLLQoutputFreq_Value,PLLRCLKFreq_Value,PLLSAI1PoutputFreq_Value,PLLSAI1QoutputFreq_Value,PLLSAI1RoutputFreq_Value,PLLSAI2PoutputFreq_Value,PLLSAI2RoutputFreq_Value,PLLSourceVirtual,PREFETCH_ENABLE,PWRFreq_Value,RNGFreq_Value,SAI1Freq_Value,SAI2Freq_Value,SDMMCFreq_Value,SWPMI1Freq_Value,SYSCLKFreq_VALUE,SYSCLKSource,UART4Freq_Value,UART5Freq_Value,USART1Freq_Value,USART2Freq_Value,USART3Freq_Value,USBFreq_Value,VCOInputFreq_Value,VCOOutputFreq_Value,VCOSAI1OutputFreq_Value,VCOSAI2OutputFreq_Value
RCC.LPTIM1Freq_Value=80000000
RCC.LPTIM2Freq_Value=80000000
RCC.LPUART1Freq_Value=80000000
RCC.LSCOPinFreq_Value=32000
RCC.LSE_VALUE=32768
RCC.LSI_VALUE=32000
RCC.MCO1PinFreq_Value=80000000
RCC.MSI_VALUE=4000000
RCC.PLLN=20
RCC.PLLPoutputFreq_Value=22857142.85714286
RCC.PLLQoutputFreq_Value=80000000
RCC.PLLRCLKFreq_Value=80000000
RCC.PLLSAI1PoutputFreq_Value=9142857.142857144
RCC.PLLSAI1QoutputFreq_Value=32000000
RCC.PLLSAI1RoutputFreq_Value=32000000
RCC.PLLSAI2PoutputFreq_Value=9142857.142857144
RCC.PLLSAI2RoutputFreq_Value=32000000
RCC.PLLSourceVirtual=RCC_PLLSOURCE_HSE
RCC.PREFETCH_ENABLE=1
RCC.PWRFreq_Value=80000000
RCC.RNGFreq_Value=32000000
RCC.SAI1Freq_Value=9142857.142857144
RCC.SAI2Freq_Value=9142857.142857144
RCC.SDMMCFreq_Value=32000000
RCC.SWPMI1Freq_Value=80000000
RCC.SYSCLKFreq_VALUE=80000000
RCC.SYSCLKSource=RCC_SYSCLKSOURCE_PLLCLK
RCC.UART4Freq_Value=80000000
RCC.UART5Freq_Value=80000000
RCC.USART1Freq_Value=80000000
RCC.USART2Freq_Value=80000000
RCC.USART3Freq_Value=80000000
RCC.USBFreq_Value=32000000
RCC.VCOInputFreq_Value=8000000
RCC.VCOOutputFreq_Value=160000000
RCC.VCOSAI1OutputFreq_Value=64000000
RCC.VCOSAI2OutputFreq_Value=64000000
SH.GPXTI0.0=GPIO_EXTI0
SH.GPXTI0.ConfNb=1
SH.GPXTI13.0=GPIO_EXTI13
SH.GPXTI13.ConfNb=1
SPI1.BaudRatePrescaler=SPI_BAUDRATEPRESCALER_16
SPI1.CalculateBaudRate=5.0 MBits/s
SPI1.DataSize=SPI_DATASIZE_8BIT
SPI1.Direction=SPI_DIRECTION_2LINES
SPI1.IPParameters=VirtualType,Mode,Direction,CalculateBaudRate,DataSize,BaudRatePrescaler
SPI1.Mode=SPI_MODE_MASTER
SPI1.VirtualType=VM_MASTER
STMicroelectronics.X-CUBE-BLE1.4.4.0.ApplicationCcWirelessJjApplication=SampleApp
STMicroelectronics.X-CUBE-BLE1.4.4.0.BSP.number=7
STMicroelectronics.X-CUBE-BLE1.4.4.0.BlueNRGAaMSCcWirelessJjController=true
STMicroelectronics.X-CUBE-BLE1.4.4.0.BlueNRGAaMSCcWirelessJjHCIIiTL=Basic
STMicroelectronics.X-CUBE-BLE1.4.4.0.BlueNRGAaMSCcWirelessJjHCIIiTLIiINTERFACE=UserBoard
STMicroelectronics.X-CUBE-BLE1.4.4.0.BlueNRGAaMSCcWirelessJjUtils=true
STMicroelectronics.X-CUBE-BLE1.4.4.0.CONN_P2=2000
STMicroelectronics.X-CUBE-BLE1.4.4.0.IPParameters=BlueNRGAaMSCcWirelessJjController,BlueNRGAaMSCcWirelessJjUtils,BlueNRGAaMSCcWirelessJjHCIIiTL,BlueNRGAaMSCcWirelessJjHCIIiTLIiINTERFACE,ApplicationCcWirelessJjApplication,CONN_P2
STMicroelectronics.X-CUBE-BLE1.4.4.0.WirelessJjApplication_Checked=true
STMicroelectronics.X-CUBE-BLE1.4.4.0.WirelessJjBlueNRGAaMS_Checked=true
STMicroelectronics.X-CUBE-BLE1.4.4.00.BSP.STBoard=false
STMicroelectronics.X-CUBE-BLE1.4.4.00.BSP.api=HAL_EXTI_DRIVER
STMicroelectronics.X-CUBE-BLE1.4.4.00.BSP.component=
STMicroelectronics.X-CUBE-BLE1.4.4.00.BSP.condition=SEMWirelessJjHCIIiTLIiINTERFACEJjUserBoard
STMicroelectronics.X-CUBE-BLE1.4.4.00.BSP.i2caddr=0
STMicroelectronics.X-CUBE-BLE1.4.4.00.BSP.i2creg=
STMicroelectronics.X-CUBE-BLE1.4.4.00.BSP.instance=PA0
STMicroelectronics.X-CUBE-BLE1.4.4.00.BSP.ip=GPIO
STMicroelectronics.X-CUBE-BLE1.4.4.00.BSP.mode=EXTI
STMicroelectronics.X-CUBE-BLE1.4.4.00.BSP.name=Exti Line
STMicroelectronics.X-CUBE-BLE1.4.4.00.BSP.semaphore=
STMicroelectronics.X-CUBE-BLE1.4.4.00.BSP.solution=PA0
STMicroelectronics.X-CUBE-BLE1.4.4.01.BSP.STBoard=false
STMicroelectronics.X-CUBE-BLE1.4.4.01.BSP.api=BSP_COMMON_DRIVER
STMicroelectronics.X-CUBE-BLE1.4.4.01.BSP.component=
STMicroelectronics.X-CUBE-BLE1.4.4.01.BSP.condition=SEMWirelessJjApplicationJjSensorDemo | SEMWirelessJjApplicationJjSensorDemoBLESensor | SEMWirelessJjApplicationJjSampleApp
STMicroelectronics.X-CUBE-BLE1.4.4.01.BSP.i2caddr=0
STMicroelectronics.X-CUBE-BLE1.4.4.01.BSP.i2creg=
STMicroelectronics.X-CUBE-BLE1.4.4.01.BSP.instance=PC13
STMicroelectronics.X-CUBE-BLE1.4.4.01.BSP.ip=GPIO
STMicroelectronics.X-CUBE-BLE1.4.4.01.BSP.mode=EXTI
STMicroelectronics.X-CUBE-BLE1.4.4.01.BSP.name=BSP BUTTON
STMicroelectronics.X-CUBE-BLE1.4.4.01.BSP.semaphore=
STMicroelectronics.X-CUBE-BLE1.4.4.01.BSP.solution=PC13
STMicroelectronics.X-CUBE-BLE1.4.4.02.BSP.STBoard=false
STMicroelectronics.X-CUBE-BLE1.4.4.02.BSP.api=BSP_COMMON_DRIVER
STMicroelectronics.X-CUBE-BLE1.4.4.02.BSP.component=
STMicroelectronics.X-CUBE-BLE1.4.4.02.BSP.condition=SEMWirelessJjApplicationJjSensorDemo | SEMWirelessJjApplicationJjSensorDemoBLESensor | SEMWirelessJjApplicationJjSampleApp | SEMWirelessJjApplicationJjBeacon | SEMWirelessJjApplicationJjVirtualCOMPort
STMicroelectronics.X-CUBE-BLE1.4.4.02.BSP.i2caddr=0
STMicroelectronics.X-CUBE-BLE1.4.4.02.BSP.i2creg=
STMicroelectronics.X-CUBE-BLE1.4.4.02.BSP.instance=USART2
STMicroelectronics.X-CUBE-BLE1.4.4.02.BSP.ip=USART
STMicroelectronics.X-CUBE-BLE1.4.4.02.BSP.mode=Asynchronous
STMicroelectronics.X-CUBE-BLE1.4.4.02.BSP.name=BSP USART
STMicroelectronics.X-CUBE-BLE1.4.4.02.BSP.semaphore=
STMicroelectronics.X-CUBE-BLE1.4.4.02.BSP.solution=USART2
STMicroelectronics.X-CUBE-BLE1.4.4.03.BSP.STBoard=false
STMicroelectronics.X-CUBE-BLE1.4.4.03.BSP.api=BSP_BUS_DRIVER
STMicroelectronics.X-CUBE-BLE1.4.4.03.BSP.component=
STMicroelectronics.X-CUBE-BLE1.4.4.03.BSP.condition=SEMWirelessJjHCIIiTLIiINTERFACEJjUserBoard
STMicroelectronics.X-CUBE-BLE1.4.4.03.BSP.i2caddr=0
STMicroelectronics.X-CUBE-BLE1.4.4.03.BSP.i2creg=
STMicroelectronics.X-CUBE-BLE1.4.4.03.BSP.instance=SPI1
STMicroelectronics.X-CUBE-BLE1.4.4.03.BSP.ip=SPI
STMicroelectronics.X-CUBE-BLE1.4.4.03.BSP.mode=Full-Duplex Master
STMicroelectronics.X-CUBE-BLE1.4.4.03.BSP.name=BUS IO driver
STMicroelectronics.X-CUBE-BLE1.4.4.03.BSP.semaphore=
STMicroelectronics.X-CUBE-BLE1.4.4.03.BSP.solution=SPI1
STMicroelectronics.X-CUBE-BLE1.4.4.04.BSP.STBoard=false
STMicroelectronics.X-CUBE-BLE1.4.4.04.BSP.api=Unknown
STMicroelectronics.X-CUBE-BLE1.4.4.04.BSP.component=
STMicroelectronics.X-CUBE-BLE1.4.4.04.BSP.condition=SEMWirelessJjHCIIiTLIiINTERFACEJjUserBoard
STMicroelectronics.X-CUBE-BLE1.4.4.04.BSP.i2caddr=0
STMicroelectronics.X-CUBE-BLE1.4.4.04.BSP.i2creg=
STMicroelectronics.X-CUBE-BLE1.4.4.04.BSP.instance=PA1
STMicroelectronics.X-CUBE-BLE1.4.4.04.BSP.ip=GPIO
STMicroelectronics.X-CUBE-BLE1.4.4.04.BSP.mode=Output
STMicroelectronics.X-CUBE-BLE1.4.4.04.BSP.name=CS Line
STMicroelectronics.X-CUBE-BLE1.4.4.04.BSP.semaphore=
STMicroelectronics.X-CUBE-BLE1.4.4.04.BSP.solution=PA1
STMicroelectronics.X-CUBE-BLE1.4.4.05.BSP.STBoard=false
STMicroelectronics.X-CUBE-BLE1.4.4.05.BSP.api=Unknown
STMicroelectronics.X-CUBE-BLE1.4.4.05.BSP.component=
STMicroelectronics.X-CUBE-BLE1.4.4.05.BSP.condition=SEMWirelessJjHCIIiTLIiINTERFACEJjUserBoard
STMicroelectronics.X-CUBE-BLE1.4.4.05.BSP.i2caddr=0
STMicroelectronics.X-CUBE-BLE1.4.4.05.BSP.i2creg=
STMicroelectronics.X-CUBE-BLE1.4.4.05.BSP.instance=PA8
STMicroelectronics.X-CUBE-BLE1.4.4.05.BSP.ip=GPIO
STMicroelectronics.X-CUBE-BLE1.4.4.05.BSP.mode=Output
STMicroelectronics.X-CUBE-BLE1.4.4.05.BSP.name=Reset Line
STMicroelectronics.X-CUBE-BLE1.4.4.05.BSP.semaphore=
STMicroelectronics.X-CUBE-BLE1.4.4.05.BSP.solution=PA8
STMicroelectronics.X-CUBE-BLE1.4.4.06.BSP.STBoard=false
STMicroelectronics.X-CUBE-BLE1.4.4.06.BSP.api=BSP_COMMON_DRIVER
STMicroelectronics.X-CUBE-BLE1.4.4.06.BSP.component=
STMicroelectronics.X-CUBE-BLE1.4.4.06.BSP.condition=SEMWirelessJjApplicationJjSensorDemo | SEMWirelessJjApplicationJjSensorDemoBLESensor | SEMWirelessJjApplicationJjSampleApp
STMicroelectronics.X-CUBE-BLE1.4.4.06.BSP.i2caddr=0
STMicroelectronics.X-CUBE-BLE1.4.4.06.BSP.i2creg=
STMicroelectronics.X-CUBE-BLE1.4.4.06.BSP.instance=PA5
STMicroelectronics.X-CUBE-BLE1.4.4.06.BSP.ip=GPIO
STMicroelectronics.X-CUBE-BLE1.4.4.06.BSP.mode=Output
STMicroelectronics.X-CUBE-BLE1.4.4.06.BSP.name=BSP LED
STMicroelectronics.X-CUBE-BLE1.4.4.06.BSP.semaphore=
STMicroelectronics.X-CUBE-BLE1.4.4.06.BSP.solution=PA5
STMicroelectronics.X-CUBE-BLE1.4.4.0_SwParameter=BlueNRGAaMSCcWirelessJjHCIIiTL\:Basic;BlueNRGAaMSCcWirelessJjUtils\:true;BlueNRGAaMSCcWirelessJjHCIIiTLIiINTERFACE\:UserBoard;ApplicationCcWirelessJjApplication\:SampleApp;BlueNRGAaMSCcWirelessJjController\:true;
TIM7.IPParameters=Prescaler,Period
TIM7.Period=9
TIM7.Prescaler=7999
USART2.IPParameters=VirtualMode-Asynchronous
USART2.VirtualMode-Asynchronous=VM_ASYNC
USART3.IPParameters=VirtualMode-Asynchronous
USART3.VirtualMode-Asynchronous=VM_ASYNC
VP_FREERTOS_VS_CMSIS_V1.Mode=CMSIS_V1
VP_FREERTOS_VS_CMSIS_V1.Signal=FREERTOS_VS_CMSIS_V1
VP_STMicroelectronics.X-CUBE-BLE1_VS_WirelessJjApplication_4.4.0.Mode=WirelessJjApplication
VP_STMicroelectronics.X-CUBE-BLE1_VS_WirelessJjApplication_4.4.0.Signal=STMicroelectronics.X-CUBE-BLE1_VS_WirelessJjApplication_4.4.0
VP_STMicroelectronics.X-CUBE-BLE1_VS_WirelessJjBlueNRGAaMS_4.4.0.Mode=WirelessJjBlueNRGAaMS
VP_STMicroelectronics.X-CUBE-BLE1_VS_WirelessJjBlueNRGAaMS_4.4.0.Signal=STMicroelectronics.X-CUBE-BLE1_VS_WirelessJjBlueNRGAaMS_4.4.0
VP_SYS_VS_tim3.Mode=TIM3
VP_SYS_VS_tim3.Signal=SYS_VS_tim3
VP_TIM7_VS_ClockSourceINT.Mode=Enable_Timer
VP_TIM7_VS_ClockSourceINT.Signal=TIM7_VS_ClockSourceINT
board=NUCLEO-L476RG
boardIOC=true
